// !$*UTF8*$!
{
	archiveVersion = 1;
	classes = {
	};
	objectVersion = 50;
	objects = {

/* Begin PBXBuildFile section */
		3F807602275CEDB6006DE06E /* AppDelegate.swift in Sources */ = {isa = PBXBuildFile; fileRef = 3F807601275CEDB6006DE06E /* AppDelegate.swift */; };
		3F807604275CEDB6006DE06E /* SceneDelegate.swift in Sources */ = {isa = PBXBuildFile; fileRef = 3F807603275CEDB6006DE06E /* SceneDelegate.swift */; };
		3F807606275CEDB6006DE06E /* ViewController.swift in Sources */ = {isa = PBXBuildFile; fileRef = 3F807605275CEDB6006DE06E /* ViewController.swift */; };
		3F807609275CEDB6006DE06E /* Main.storyboard in Resources */ = {isa = PBXBuildFile; fileRef = 3F807607275CEDB6006DE06E /* Main.storyboard */; };
		3F80760B275CEDB8006DE06E /* Assets.xcassets in Resources */ = {isa = PBXBuildFile; fileRef = 3F80760A275CEDB8006DE06E /* Assets.xcassets */; };
		3F80760E275CEDB8006DE06E /* LaunchScreen.storyboard in Resources */ = {isa = PBXBuildFile; fileRef = 3F80760C275CEDB8006DE06E /* LaunchScreen.storyboard */; };
		3F80761F275CF128006DE06E /* Adstronomic.swift in Sources */ = {isa = PBXBuildFile; fileRef = 3F807616275CF128006DE06E /* Adstronomic.swift */; };
		3F807620275CF128006DE06E /* BannerAdController.swift in Sources */ = {isa = PBXBuildFile; fileRef = 3F807617275CF128006DE06E /* BannerAdController.swift */; };
		3F807621275CF128006DE06E /* InterstitialAdController.swift in Sources */ = {isa = PBXBuildFile; fileRef = 3F807618275CF128006DE06E /* InterstitialAdController.swift */; };
		3F807622275CF128006DE06E /* RewardedAdController.swift in Sources */ = {isa = PBXBuildFile; fileRef = 3F80761A275CF128006DE06E /* RewardedAdController.swift */; };
		3F807623275CF128006DE06E /* AdType.swift in Sources */ = {isa = PBXBuildFile; fileRef = 3F80761B275CF128006DE06E /* AdType.swift */; };
		3F807624275CF128006DE06E /* Adstronomic.storyboard in Resources */ = {isa = PBXBuildFile; fileRef = 3F80761C275CF128006DE06E /* Adstronomic.storyboard */; };
		3F807625275CF128006DE06E /* AdObject.swift in Sources */ = {isa = PBXBuildFile; fileRef = 3F80761D275CF128006DE06E /* AdObject.swift */; };
		3F807626275CF128006DE06E /* Configuration.swift in Sources */ = {isa = PBXBuildFile; fileRef = 3F80761E275CF128006DE06E /* Configuration.swift */; };
/* End PBXBuildFile section */

/* Begin PBXFileReference section */
		3F8075FE275CEDB6006DE06E /* Adstronomic.app */ = {isa = PBXFileReference; explicitFileType = wrapper.application; includeInIndex = 0; path = Adstronomic.app; sourceTree = BUILT_PRODUCTS_DIR; };
		3F807601275CEDB6006DE06E /* AppDelegate.swift */ = {isa = PBXFileReference; lastKnownFileType = sourcecode.swift; path = AppDelegate.swift; sourceTree = "<group>"; };
		3F807603275CEDB6006DE06E /* SceneDelegate.swift */ = {isa = PBXFileReference; lastKnownFileType = sourcecode.swift; path = SceneDelegate.swift; sourceTree = "<group>"; };
		3F807605275CEDB6006DE06E /* ViewController.swift */ = {isa = PBXFileReference; lastKnownFileType = sourcecode.swift; path = ViewController.swift; sourceTree = "<group>"; };
		3F807608275CEDB6006DE06E /* Base */ = {isa = PBXFileReference; lastKnownFileType = file.storyboard; name = Base; path = Base.lproj/Main.storyboard; sourceTree = "<group>"; };
		3F80760A275CEDB8006DE06E /* Assets.xcassets */ = {isa = PBXFileReference; lastKnownFileType = folder.assetcatalog; path = Assets.xcassets; sourceTree = "<group>"; };
		3F80760D275CEDB8006DE06E /* Base */ = {isa = PBXFileReference; lastKnownFileType = file.storyboard; name = Base; path = Base.lproj/LaunchScreen.storyboard; sourceTree = "<group>"; };
		3F80760F275CEDB8006DE06E /* Info.plist */ = {isa = PBXFileReference; lastKnownFileType = text.plist.xml; path = Info.plist; sourceTree = "<group>"; };
		3F807616275CF128006DE06E /* Adstronomic.swift */ = {isa = PBXFileReference; fileEncoding = 4; lastKnownFileType = sourcecode.swift; path = Adstronomic.swift; sourceTree = "<group>"; };
		3F807617275CF128006DE06E /* BannerAdController.swift */ = {isa = PBXFileReference; fileEncoding = 4; lastKnownFileType = sourcecode.swift; path = BannerAdController.swift; sourceTree = "<group>"; };
		3F807618275CF128006DE06E /* InterstitialAdController.swift */ = {isa = PBXFileReference; fileEncoding = 4; lastKnownFileType = sourcecode.swift; path = InterstitialAdController.swift; sourceTree = "<group>"; };
		3F807619275CF128006DE06E /* AdstronomicFramework.h */ = {isa = PBXFileReference; fileEncoding = 4; lastKnownFileType = sourcecode.c.h; path = AdstronomicFramework.h; sourceTree = "<group>"; };
		3F80761A275CF128006DE06E /* RewardedAdController.swift */ = {isa = PBXFileReference; fileEncoding = 4; lastKnownFileType = sourcecode.swift; path = RewardedAdController.swift; sourceTree = "<group>"; };
		3F80761B275CF128006DE06E /* AdType.swift */ = {isa = PBXFileReference; fileEncoding = 4; lastKnownFileType = sourcecode.swift; path = AdType.swift; sourceTree = "<group>"; };
		3F80761C275CF128006DE06E /* Adstronomic.storyboard */ = {isa = PBXFileReference; fileEncoding = 4; lastKnownFileType = file.storyboard; path = Adstronomic.storyboard; sourceTree = "<group>"; };
		3F80761D275CF128006DE06E /* AdObject.swift */ = {isa = PBXFileReference; fileEncoding = 4; lastKnownFileType = sourcecode.swift; path = AdObject.swift; sourceTree = "<group>"; };
		3F80761E275CF128006DE06E /* Configuration.swift */ = {isa = PBXFileReference; fileEncoding = 4; lastKnownFileType = sourcecode.swift; path = Configuration.swift; sourceTree = "<group>"; };
/* End PBXFileReference section */

/* Begin PBXFrameworksBuildPhase section */
		3F8075FB275CEDB6006DE06E /* Frameworks */ = {
			isa = PBXFrameworksBuildPhase;
			buildActionMask = 2147483647;
			files = (
			);
			runOnlyForDeploymentPostprocessing = 0;
		};
/* End PBXFrameworksBuildPhase section */

/* Begin PBXGroup section */
		3F8075F5275CEDB6006DE06E = {
			isa = PBXGroup;
			children = (
				3F807615275CF0D2006DE06E /* Adstronomic SDK */,
				3F807600275CEDB6006DE06E /* Adstronomic */,
				3F8075FF275CEDB6006DE06E /* Products */,
			);
			sourceTree = "<group>";
		};
		3F8075FF275CEDB6006DE06E /* Products */ = {
			isa = PBXGroup;
			children = (
				3F8075FE275CEDB6006DE06E /* Adstronomic.app */,
			);
			name = Products;
			sourceTree = "<group>";
		};
		3F807600275CEDB6006DE06E /* Adstronomic */ = {
			isa = PBXGroup;
			children = (
				3F807601275CEDB6006DE06E /* AppDelegate.swift */,
				3F807603275CEDB6006DE06E /* SceneDelegate.swift */,
				3F807605275CEDB6006DE06E /* ViewController.swift */,
				3F807607275CEDB6006DE06E /* Main.storyboard */,
				3F80760A275CEDB8006DE06E /* Assets.xcassets */,
				3F80760C275CEDB8006DE06E /* LaunchScreen.storyboard */,
				3F80760F275CEDB8006DE06E /* Info.plist */,
			);
			path = Adstronomic;
			sourceTree = "<group>";
		};
		3F807615275CF0D2006DE06E /* Adstronomic SDK */ = {
			isa = PBXGroup;
			children = (
				3F80761D275CF128006DE06E /* AdObject.swift */,
				3F80761C275CF128006DE06E /* Adstronomic.storyboard */,
				3F807616275CF128006DE06E /* Adstronomic.swift */,
				3F807619275CF128006DE06E /* AdstronomicFramework.h */,
				3F80761B275CF128006DE06E /* AdType.swift */,
				3F807617275CF128006DE06E /* BannerAdController.swift */,
				3F80761E275CF128006DE06E /* Configuration.swift */,
				3F807618275CF128006DE06E /* InterstitialAdController.swift */,
				3F80761A275CF128006DE06E /* RewardedAdController.swift */,
			);
			path = "Adstronomic SDK";
			sourceTree = "<group>";
		};
/* End PBXGroup section */

/* Begin PBXNativeTarget section */
		3F8075FD275CEDB6006DE06E /* Adstronomic */ = {
			isa = PBXNativeTarget;
			buildConfigurationList = 3F807612275CEDB8006DE06E /* Build configuration list for PBXNativeTarget "Adstronomic" */;
			buildPhases = (
				3F8075FA275CEDB6006DE06E /* Sources */,
				3F8075FB275CEDB6006DE06E /* Frameworks */,
				3F8075FC275CEDB6006DE06E /* Resources */,
			);
			buildRules = (
			);
			dependencies = (
			);
			name = Adstronomic;
			productName = Adstronomic;
			productReference = 3F8075FE275CEDB6006DE06E /* Adstronomic.app */;
			productType = "com.apple.product-type.application";
		};
/* End PBXNativeTarget section */

/* Begin PBXProject section */
		3F8075F6275CEDB6006DE06E /* Project object */ = {
			isa = PBXProject;
			attributes = {
				LastSwiftUpdateCheck = 1250;
				LastUpgradeCheck = 1250;
				TargetAttributes = {
					3F8075FD275CEDB6006DE06E = {
						CreatedOnToolsVersion = 12.5.1;
					};
				};
			};
			buildConfigurationList = 3F8075F9275CEDB6006DE06E /* Build configuration list for PBXProject "Adstronomic" */;
			compatibilityVersion = "Xcode 9.3";
			developmentRegion = en;
			hasScannedForEncodings = 0;
			knownRegions = (
				en,
				Base,
			);
			mainGroup = 3F8075F5275CEDB6006DE06E;
			productRefGroup = 3F8075FF275CEDB6006DE06E /* Products */;
			projectDirPath = "";
			projectRoot = "";
			targets = (
				3F8075FD275CEDB6006DE06E /* Adstronomic */,
			);
		};
/* End PBXProject section */

/* Begin PBXResourcesBuildPhase section */
		3F8075FC275CEDB6006DE06E /* Resources */ = {
			isa = PBXResourcesBuildPhase;
			buildActionMask = 2147483647;
			files = (
				3F807624275CF128006DE06E /* Adstronomic.storyboard in Resources */,
				3F80760E275CEDB8006DE06E /* LaunchScreen.storyboard in Resources */,
				3F80760B275CEDB8006DE06E /* Assets.xcassets in Resources */,
				3F807609275CEDB6006DE06E /* Main.storyboard in Resources */,
			);
			runOnlyForDeploymentPostprocessing = 0;
		};
/* End PBXResourcesBuildPhase section */

/* Begin PBXSourcesBuildPhase section */
		3F8075FA275CEDB6006DE06E /* Sources */ = {
			isa = PBXSourcesBuildPhase;
			buildActionMask = 2147483647;
			files = (
				3F807622275CF128006DE06E /* RewardedAdController.swift in Sources */,
				3F807621275CF128006DE06E /* InterstitialAdController.swift in Sources */,
				3F807620275CF128006DE06E /* BannerAdController.swift in Sources */,
				3F807606275CEDB6006DE06E /* ViewController.swift in Sources */,
				3F807602275CEDB6006DE06E /* AppDelegate.swift in Sources */,
				3F807604275CEDB6006DE06E /* SceneDelegate.swift in Sources */,
				3F807626275CF128006DE06E /* Configuration.swift in Sources */,
				3F807623275CF128006DE06E /* AdType.swift in Sources */,
				3F80761F275CF128006DE06E /* Adstronomic.swift in Sources */,
				3F807625275CF128006DE06E /* AdObject.swift in Sources */,
			);
			runOnlyForDeploymentPostprocessing = 0;
		};
/* End PBXSourcesBuildPhase section */

/* Begin PBXVariantGroup section */
		3F807607275CEDB6006DE06E /* Main.storyboard */ = {
			isa = PBXVariantGroup;
			children = (
				3F807608275CEDB6006DE06E /* Base */,
			);
			name = Main.storyboard;
			sourceTree = "<group>";
		};
		3F80760C275CEDB8006DE06E /* LaunchScreen.storyboard */ = {
			isa = PBXVariantGroup;
			children = (
				3F80760D275CEDB8006DE06E /* Base */,
			);
			name = LaunchScreen.storyboard;
			sourceTree = "<group>";
		};
/* End PBXVariantGroup section */

/* Begin XCBuildConfiguration section */
		3F807610275CEDB8006DE06E /* Debug */ = {
			isa = XCBuildConfiguration;
			buildSettings = {
				ALWAYS_SEARCH_USER_PATHS = NO;
				CLANG_ANALYZER_NONNULL = YES;
				CLANG_ANALYZER_NUMBER_OBJECT_CONVERSION = YES_AGGRESSIVE;
				CLANG_CXX_LANGUAGE_STANDARD = "gnu++14";
				CLANG_CXX_LIBRARY = "libc++";
				CLANG_ENABLE_MODULES = YES;
				CLANG_ENABLE_OBJC_ARC = YES;
				CLANG_ENABLE_OBJC_WEAK = YES;
				CLANG_WARN_BLOCK_CAPTURE_AUTORELEASING = YES;
				CLANG_WARN_BOOL_CONVERSION = YES;
				CLANG_WARN_COMMA = YES;
				CLANG_WARN_CONSTANT_CONVERSION = YES;
				CLANG_WARN_DEPRECATED_OBJC_IMPLEMENTATIONS = YES;
				CLANG_WARN_DIRECT_OBJC_ISA_USAGE = YES_ERROR;
				CLANG_WARN_DOCUMENTATION_COMMENTS = YES;
				CLANG_WARN_EMPTY_BODY = YES;
				CLANG_WARN_ENUM_CONVERSION = YES;
				CLANG_WARN_INFINITE_RECURSION = YES;
				CLANG_WARN_INT_CONVERSION = YES;
				CLANG_WARN_NON_LITERAL_NULL_CONVERSION = YES;
				CLANG_WARN_OBJC_IMPLICIT_RETAIN_SELF = YES;
				CLANG_WARN_OBJC_LITERAL_CONVERSION = YES;
				CLANG_WARN_OBJC_ROOT_CLASS = YES_ERROR;
				CLANG_WARN_QUOTED_INCLUDE_IN_FRAMEWORK_HEADER = YES;
				CLANG_WARN_RANGE_LOOP_ANALYSIS = YES;
				CLANG_WARN_STRICT_PROTOTYPES = YES;
				CLANG_WARN_SUSPICIOUS_MOVE = YES;
				CLANG_WARN_UNGUARDED_AVAILABILITY = YES_AGGRESSIVE;
				CLANG_WARN_UNREACHABLE_CODE = YES;
				CLANG_WARN__DUPLICATE_METHOD_MATCH = YES;
				COPY_PHASE_STRIP = NO;
				DEBUG_INFORMATION_FORMAT = dwarf;
				ENABLE_STRICT_OBJC_MSGSEND = YES;
				ENABLE_TESTABILITY = YES;
				GCC_C_LANGUAGE_STANDARD = gnu11;
				GCC_DYNAMIC_NO_PIC = NO;
				GCC_NO_COMMON_BLOCKS = YES;
				GCC_OPTIMIZATION_LEVEL = 0;
				GCC_PREPROCESSOR_DEFINITIONS = (
					"DEBUG=1",
					"$(inherited)",
				);
				GCC_WARN_64_TO_32_BIT_CONVERSION = YES;
				GCC_WARN_ABOUT_RETURN_TYPE = YES_ERROR;
				GCC_WARN_UNDECLARED_SELECTOR = YES;
				GCC_WARN_UNINITIALIZED_AUTOS = YES_AGGRESSIVE;
				GCC_WARN_UNUSED_FUNCTION = YES;
				GCC_WARN_UNUSED_VARIABLE = YES;
				IPHONEOS_DEPLOYMENT_TARGET = 14.5;
				MTL_ENABLE_DEBUG_INFO = INCLUDE_SOURCE;
				MTL_FAST_MATH = YES;
				ONLY_ACTIVE_ARCH = YES;
				SDKROOT = iphoneos;
				SWIFT_ACTIVE_COMPILATION_CONDITIONS = DEBUG;
				SWIFT_OPTIMIZATION_LEVEL = "-Onone";
			};
			name = Debug;
		};
		3F807611275CEDB8006DE06E /* Release */ = {
			isa = XCBuildConfiguration;
			buildSettings = {
				ALWAYS_SEARCH_USER_PATHS = NO;
				CLANG_ANALYZER_NONNULL = YES;
				CLANG_ANALYZER_NUMBER_OBJECT_CONVERSION = YES_AGGRESSIVE;
				CLANG_CXX_LANGUAGE_STANDARD = "gnu++14";
				CLANG_CXX_LIBRARY = "libc++";
				CLANG_ENABLE_MODULES = YES;
				CLANG_ENABLE_OBJC_ARC = YES;
				CLANG_ENABLE_OBJC_WEAK = YES;
				CLANG_WARN_BLOCK_CAPTURE_AUTORELEASING = YES;
				CLANG_WARN_BOOL_CONVERSION = YES;
				CLANG_WARN_COMMA = YES;
				CLANG_WARN_CONSTANT_CONVERSION = YES;
				CLANG_WARN_DEPRECATED_OBJC_IMPLEMENTATIONS = YES;
				CLANG_WARN_DIRECT_OBJC_ISA_USAGE = YES_ERROR;
				CLANG_WARN_DOCUMENTATION_COMMENTS = YES;
				CLANG_WARN_EMPTY_BODY = YES;
				CLANG_WARN_ENUM_CONVERSION = YES;
				CLANG_WARN_INFINITE_RECURSION = YES;
				CLANG_WARN_INT_CONVERSION = YES;
				CLANG_WARN_NON_LITERAL_NULL_CONVERSION = YES;
				CLANG_WARN_OBJC_IMPLICIT_RETAIN_SELF = YES;
				CLANG_WARN_OBJC_LITERAL_CONVERSION = YES;
				CLANG_WARN_OBJC_ROOT_CLASS = YES_ERROR;
				CLANG_WARN_QUOTED_INCLUDE_IN_FRAMEWORK_HEADER = YES;
				CLANG_WARN_RANGE_LOOP_ANALYSIS = YES;
				CLANG_WARN_STRICT_PROTOTYPES = YES;
				CLANG_WARN_SUSPICIOUS_MOVE = YES;
				CLANG_WARN_UNGUARDED_AVAILABILITY = YES_AGGRESSIVE;
				CLANG_WARN_UNREACHABLE_CODE = YES;
				CLANG_WARN__DUPLICATE_METHOD_MATCH = YES;
				COPY_PHASE_STRIP = NO;
				DEBUG_INFORMATION_FORMAT = "dwarf-with-dsym";
				ENABLE_NS_ASSERTIONS = NO;
				ENABLE_STRICT_OBJC_MSGSEND = YES;
				GCC_C_LANGUAGE_STANDARD = gnu11;
				GCC_NO_COMMON_BLOCKS = YES;
				GCC_WARN_64_TO_32_BIT_CONVERSION = YES;
				GCC_WARN_ABOUT_RETURN_TYPE = YES_ERROR;
				GCC_WARN_UNDECLARED_SELECTOR = YES;
				GCC_WARN_UNINITIALIZED_AUTOS = YES_AGGRESSIVE;
				GCC_WARN_UNUSED_FUNCTION = YES;
				GCC_WARN_UNUSED_VARIABLE = YES;
				IPHONEOS_DEPLOYMENT_TARGET = 14.5;
				MTL_ENABLE_DEBUG_INFO = NO;
				MTL_FAST_MATH = YES;
				SDKROOT = iphoneos;
				SWIFT_COMPILATION_MODE = wholemodule;
				SWIFT_OPTIMIZATION_LEVEL = "-O";
				VALIDATE_PRODUCT = YES;
			};
			name = Release;
		};
		3F807613275CEDB8006DE06E /* Debug */ = {
			isa = XCBuildConfiguration;
			buildSettings = {
				ASSETCATALOG_COMPILER_APPICON_NAME = AppIcon;
				ASSETCATALOG_COMPILER_GLOBAL_ACCENT_COLOR_NAME = AccentColor;
				CODE_SIGN_STYLE = Automatic;
				DEVELOPMENT_TEAM = 8S88Z4JBE6;
				INFOPLIST_FILE = Adstronomic/Info.plist;
				IPHONEOS_DEPLOYMENT_TARGET = 13.0;
				LD_RUNPATH_SEARCH_PATHS = (
					"$(inherited)",
					"@executable_path/Frameworks",
				);
				PRODUCT_BUNDLE_IDENTIFIER = com.adstronomic.sdk.ios.Adstronomic;
				PRODUCT_NAME = "$(TARGET_NAME)";
				SWIFT_VERSION = 5.0;
				TARGETED_DEVICE_FAMILY = "1,2";
			};
			name = Debug;
		};
		3F807614275CEDB8006DE06E /* Release */ = {
			isa = XCBuildConfiguration;
			buildSettings = {
				ASSETCATALOG_COMPILER_APPICON_NAME = AppIcon;
				ASSETCATALOG_COMPILER_GLOBAL_ACCENT_COLOR_NAME = AccentColor;
				CODE_SIGN_STYLE = Automatic;
				DEVELOPMENT_TEAM = 8S88Z4JBE6;
				INFOPLIST_FILE = Adstronomic/Info.plist;
				IPHONEOS_DEPLOYMENT_TARGET = 13.0;
				LD_RUNPATH_SEARCH_PATHS = (
					"$(inherited)",
					"@executable_path/Frameworks",
				);
				PRODUCT_BUNDLE_IDENTIFIER = com.adstronomic.sdk.ios.Adstronomic;
				PRODUCT_NAME = "$(TARGET_NAME)";
				SWIFT_VERSION = 5.0;
				TARGETED_DEVICE_FAMILY = "1,2";
			};
			name = Release;
		};
/* End XCBuildConfiguration section */

/* Begin XCConfigurationList section */
		3F8075F9275CEDB6006DE06E /* Build configuration list for PBXProject "Adstronomic" */ = {
			isa = XCConfigurationList;
			buildConfigurations = (
				3F807610275CEDB8006DE06E /* Debug */,
				3F807611275CEDB8006DE06E /* Release */,
			);
			defaultConfigurationIsVisible = 0;
			defaultConfigurationName = Release;
		};
		3F807612275CEDB8006DE06E /* Build configuration list for PBXNativeTarget "Adstronomic" */ = {
			isa = XCConfigurationList;
			buildConfigurations = (
				3F807613275CEDB8006DE06E /* Debug */,
				3F807614275CEDB8006DE06E /* Release */,
			);
			defaultConfigurationIsVisible = 0;
			defaultConfigurationName = Release;
		};
/* End XCConfigurationList section */
	};
	rootObject = 3F8075F6275CEDB6006DE06E /* Project object */;
}
